// !$*UTF8*$!
{
	archiveVersion = 1;
	classes = {
	};
	objectVersion = 56;
	objects = {

/* Begin PBXBuildFile section */
		004DDC392990A13C00C8DB9A /* AppDelegate.swift in Sources */ = {isa = PBXBuildFile; fileRef = 004DDC382990A13C00C8DB9A /* AppDelegate.swift */; };
		004DDC3B2990A13C00C8DB9A /* SceneDelegate.swift in Sources */ = {isa = PBXBuildFile; fileRef = 004DDC3A2990A13C00C8DB9A /* SceneDelegate.swift */; };
		004DDC3D2990A13C00C8DB9A /* ImageListViewController.swift in Sources */ = {isa = PBXBuildFile; fileRef = 004DDC3C2990A13C00C8DB9A /* ImageListViewController.swift */; };
		004DDC422990A13E00C8DB9A /* Assets.xcassets in Resources */ = {isa = PBXBuildFile; fileRef = 004DDC412990A13E00C8DB9A /* Assets.xcassets */; };
		004DDC452990A13E00C8DB9A /* LaunchScreen.storyboard in Resources */ = {isa = PBXBuildFile; fileRef = 004DDC432990A13E00C8DB9A /* LaunchScreen.storyboard */; };
		004DDC4F2990A3AA00C8DB9A /* Coordinator.swift in Sources */ = {isa = PBXBuildFile; fileRef = 004DDC4E2990A3AA00C8DB9A /* Coordinator.swift */; };
		004DDC512990A3BA00C8DB9A /* AppCoordinator.swift in Sources */ = {isa = PBXBuildFile; fileRef = 004DDC502990A3BA00C8DB9A /* AppCoordinator.swift */; };
		004DDC552990AC3400C8DB9A /* NetworkManager.swift in Sources */ = {isa = PBXBuildFile; fileRef = 004DDC542990AC3400C8DB9A /* NetworkManager.swift */; };
		004DDC5A2990ACDF00C8DB9A /* Images.swift in Sources */ = {isa = PBXBuildFile; fileRef = 004DDC592990ACDF00C8DB9A /* Images.swift */; };
		004DDC5C2990D06300C8DB9A /* ListViewModel.swift in Sources */ = {isa = PBXBuildFile; fileRef = 004DDC5B2990D06300C8DB9A /* ListViewModel.swift */; };
		004DDC5E2990E50700C8DB9A /* ImageCollectionViewCell.swift in Sources */ = {isa = PBXBuildFile; fileRef = 004DDC5D2990E50700C8DB9A /* ImageCollectionViewCell.swift */; };
		004DDC60299107E800C8DB9A /* BigImageView.swift in Sources */ = {isa = PBXBuildFile; fileRef = 004DDC5F299107E800C8DB9A /* BigImageView.swift */; };
/* End PBXBuildFile section */

/* Begin PBXFileReference section */
		004DDC352990A13C00C8DB9A /* SearchPic.app */ = {isa = PBXFileReference; explicitFileType = wrapper.application; includeInIndex = 0; path = SearchPic.app; sourceTree = BUILT_PRODUCTS_DIR; };
		004DDC382990A13C00C8DB9A /* AppDelegate.swift */ = {isa = PBXFileReference; lastKnownFileType = sourcecode.swift; path = AppDelegate.swift; sourceTree = "<group>"; };
		004DDC3A2990A13C00C8DB9A /* SceneDelegate.swift */ = {isa = PBXFileReference; lastKnownFileType = sourcecode.swift; path = SceneDelegate.swift; sourceTree = "<group>"; };
		004DDC3C2990A13C00C8DB9A /* ImageListViewController.swift */ = {isa = PBXFileReference; lastKnownFileType = sourcecode.swift; path = ImageListViewController.swift; sourceTree = "<group>"; };
		004DDC412990A13E00C8DB9A /* Assets.xcassets */ = {isa = PBXFileReference; lastKnownFileType = folder.assetcatalog; path = Assets.xcassets; sourceTree = "<group>"; };
		004DDC442990A13E00C8DB9A /* Base */ = {isa = PBXFileReference; lastKnownFileType = file.storyboard; name = Base; path = Base.lproj/LaunchScreen.storyboard; sourceTree = "<group>"; };
		004DDC462990A13E00C8DB9A /* Info.plist */ = {isa = PBXFileReference; lastKnownFileType = text.plist.xml; path = Info.plist; sourceTree = "<group>"; };
		004DDC4E2990A3AA00C8DB9A /* Coordinator.swift */ = {isa = PBXFileReference; lastKnownFileType = sourcecode.swift; path = Coordinator.swift; sourceTree = "<group>"; };
		004DDC502990A3BA00C8DB9A /* AppCoordinator.swift */ = {isa = PBXFileReference; lastKnownFileType = sourcecode.swift; path = AppCoordinator.swift; sourceTree = "<group>"; };
		004DDC542990AC3400C8DB9A /* NetworkManager.swift */ = {isa = PBXFileReference; lastKnownFileType = sourcecode.swift; path = NetworkManager.swift; sourceTree = "<group>"; };
		004DDC592990ACDF00C8DB9A /* Images.swift */ = {isa = PBXFileReference; lastKnownFileType = sourcecode.swift; path = Images.swift; sourceTree = "<group>"; };
		004DDC5B2990D06300C8DB9A /* ListViewModel.swift */ = {isa = PBXFileReference; lastKnownFileType = sourcecode.swift; path = ListViewModel.swift; sourceTree = "<group>"; };
		004DDC5D2990E50700C8DB9A /* ImageCollectionViewCell.swift */ = {isa = PBXFileReference; lastKnownFileType = sourcecode.swift; path = ImageCollectionViewCell.swift; sourceTree = "<group>"; };
		004DDC5F299107E800C8DB9A /* BigImageView.swift */ = {isa = PBXFileReference; lastKnownFileType = sourcecode.swift; path = BigImageView.swift; sourceTree = "<group>"; };
/* End PBXFileReference section */

/* Begin PBXFrameworksBuildPhase section */
		004DDC322990A13C00C8DB9A /* Frameworks */ = {
			isa = PBXFrameworksBuildPhase;
			buildActionMask = 2147483647;
			files = (
			);
			runOnlyForDeploymentPostprocessing = 0;
		};
/* End PBXFrameworksBuildPhase section */

/* Begin PBXGroup section */
		004DDC2C2990A13C00C8DB9A = {
			isa = PBXGroup;
			children = (
				004DDC372990A13C00C8DB9A /* SearchPic */,
				004DDC362990A13C00C8DB9A /* Products */,
			);
			sourceTree = "<group>";
		};
		004DDC362990A13C00C8DB9A /* Products */ = {
			isa = PBXGroup;
			children = (
				004DDC352990A13C00C8DB9A /* SearchPic.app */,
			);
			name = Products;
			sourceTree = "<group>";
		};
		004DDC372990A13C00C8DB9A /* SearchPic */ = {
			isa = PBXGroup;
			children = (
				004DDC582990ACC600C8DB9A /* ViewModels */,
				004DDC572990ACBE00C8DB9A /* Models */,
				004DDC562990ACB100C8DB9A /* Views */,
				004DDC532990AC2400C8DB9A /* Network */,
				004DDC4C2990A36700C8DB9A /* Coordinator */,
				004DDC522990A4F000C8DB9A /* Resources */,
			);
			path = SearchPic;
			sourceTree = "<group>";
		};
		004DDC4C2990A36700C8DB9A /* Coordinator */ = {
			isa = PBXGroup;
			children = (
				004DDC4D2990A38700C8DB9A /* Protocols */,
				004DDC502990A3BA00C8DB9A /* AppCoordinator.swift */,
			);
			path = Coordinator;
			sourceTree = "<group>";
		};
		004DDC4D2990A38700C8DB9A /* Protocols */ = {
			isa = PBXGroup;
			children = (
				004DDC4E2990A3AA00C8DB9A /* Coordinator.swift */,
			);
			path = Protocols;
			sourceTree = "<group>";
		};
		004DDC522990A4F000C8DB9A /* Resources */ = {
			isa = PBXGroup;
			children = (
				004DDC382990A13C00C8DB9A /* AppDelegate.swift */,
				004DDC3A2990A13C00C8DB9A /* SceneDelegate.swift */,
				004DDC412990A13E00C8DB9A /* Assets.xcassets */,
				004DDC432990A13E00C8DB9A /* LaunchScreen.storyboard */,
				004DDC462990A13E00C8DB9A /* Info.plist */,
			);
			path = Resources;
			sourceTree = "<group>";
		};
		004DDC532990AC2400C8DB9A /* Network */ = {
			isa = PBXGroup;
			children = (
				004DDC542990AC3400C8DB9A /* NetworkManager.swift */,
			);
			path = Network;
			sourceTree = "<group>";
		};
		004DDC562990ACB100C8DB9A /* Views */ = {
			isa = PBXGroup;
			children = (
				004DDC3C2990A13C00C8DB9A /* ImageListViewController.swift */,
				004DDC5F299107E800C8DB9A /* BigImageView.swift */,
				004DDC5D2990E50700C8DB9A /* ImageCollectionViewCell.swift */,
			);
			path = Views;
			sourceTree = "<group>";
		};
		004DDC572990ACBE00C8DB9A /* Models */ = {
			isa = PBXGroup;
			children = (
				004DDC592990ACDF00C8DB9A /* Images.swift */,
			);
			path = Models;
			sourceTree = "<group>";
		};
		004DDC582990ACC600C8DB9A /* ViewModels */ = {
			isa = PBXGroup;
			children = (
				004DDC5B2990D06300C8DB9A /* ListViewModel.swift */,
			);
			path = ViewModels;
			sourceTree = "<group>";
		};
/* End PBXGroup section */

/* Begin PBXNativeTarget section */
		004DDC342990A13C00C8DB9A /* SearchPic */ = {
			isa = PBXNativeTarget;
			buildConfigurationList = 004DDC492990A13E00C8DB9A /* Build configuration list for PBXNativeTarget "SearchPic" */;
			buildPhases = (
				004DDC312990A13C00C8DB9A /* Sources */,
				004DDC322990A13C00C8DB9A /* Frameworks */,
				004DDC332990A13C00C8DB9A /* Resources */,
			);
			buildRules = (
			);
			dependencies = (
			);
			name = SearchPic;
			productName = SearchPic;
			productReference = 004DDC352990A13C00C8DB9A /* SearchPic.app */;
			productType = "com.apple.product-type.application";
		};
/* End PBXNativeTarget section */

/* Begin PBXProject section */
		004DDC2D2990A13C00C8DB9A /* Project object */ = {
			isa = PBXProject;
			attributes = {
				BuildIndependentTargetsInParallel = 1;
				LastSwiftUpdateCheck = 1420;
				LastUpgradeCheck = 1420;
				TargetAttributes = {
					004DDC342990A13C00C8DB9A = {
						CreatedOnToolsVersion = 14.2;
					};
				};
			};
			buildConfigurationList = 004DDC302990A13C00C8DB9A /* Build configuration list for PBXProject "SearchPic" */;
			compatibilityVersion = "Xcode 14.0";
			developmentRegion = en;
			hasScannedForEncodings = 0;
			knownRegions = (
				en,
				Base,
			);
			mainGroup = 004DDC2C2990A13C00C8DB9A;
			productRefGroup = 004DDC362990A13C00C8DB9A /* Products */;
			projectDirPath = "";
			projectRoot = "";
			targets = (
				004DDC342990A13C00C8DB9A /* SearchPic */,
			);
		};
/* End PBXProject section */

/* Begin PBXResourcesBuildPhase section */
		004DDC332990A13C00C8DB9A /* Resources */ = {
			isa = PBXResourcesBuildPhase;
			buildActionMask = 2147483647;
			files = (
				004DDC452990A13E00C8DB9A /* LaunchScreen.storyboard in Resources */,
				004DDC422990A13E00C8DB9A /* Assets.xcassets in Resources */,
			);
			runOnlyForDeploymentPostprocessing = 0;
		};
/* End PBXResourcesBuildPhase section */

/* Begin PBXSourcesBuildPhase section */
		004DDC312990A13C00C8DB9A /* Sources */ = {
			isa = PBXSourcesBuildPhase;
			buildActionMask = 2147483647;
			files = (
				004DDC5A2990ACDF00C8DB9A /* Images.swift in Sources */,
				004DDC552990AC3400C8DB9A /* NetworkManager.swift in Sources */,
				004DDC512990A3BA00C8DB9A /* AppCoordinator.swift in Sources */,
				004DDC4F2990A3AA00C8DB9A /* Coordinator.swift in Sources */,
				004DDC3D2990A13C00C8DB9A /* ImageListViewController.swift in Sources */,
				004DDC392990A13C00C8DB9A /* AppDelegate.swift in Sources */,
				004DDC5E2990E50700C8DB9A /* ImageCollectionViewCell.swift in Sources */,
				004DDC60299107E800C8DB9A /* BigImageView.swift in Sources */,
				004DDC5C2990D06300C8DB9A /* ListViewModel.swift in Sources */,
				004DDC3B2990A13C00C8DB9A /* SceneDelegate.swift in Sources */,
			);
			runOnlyForDeploymentPostprocessing = 0;
		};
/* End PBXSourcesBuildPhase section */

/* Begin PBXVariantGroup section */
		004DDC432990A13E00C8DB9A /* LaunchScreen.storyboard */ = {
			isa = PBXVariantGroup;
			children = (
				004DDC442990A13E00C8DB9A /* Base */,
			);
			name = LaunchScreen.storyboard;
			sourceTree = "<group>";
		};
/* End PBXVariantGroup section */

/* Begin XCBuildConfiguration section */
		004DDC472990A13E00C8DB9A /* Debug */ = {
			isa = XCBuildConfiguration;
			buildSettings = {
				ALWAYS_SEARCH_USER_PATHS = NO;
				CLANG_ANALYZER_NONNULL = YES;
				CLANG_ANALYZER_NUMBER_OBJECT_CONVERSION = YES_AGGRESSIVE;
				CLANG_CXX_LANGUAGE_STANDARD = "gnu++20";
				CLANG_ENABLE_MODULES = YES;
				CLANG_ENABLE_OBJC_ARC = YES;
				CLANG_ENABLE_OBJC_WEAK = YES;
				CLANG_WARN_BLOCK_CAPTURE_AUTORELEASING = YES;
				CLANG_WARN_BOOL_CONVERSION = YES;
				CLANG_WARN_COMMA = YES;
				CLANG_WARN_CONSTANT_CONVERSION = YES;
				CLANG_WARN_DEPRECATED_OBJC_IMPLEMENTATIONS = YES;
				CLANG_WARN_DIRECT_OBJC_ISA_USAGE = YES_ERROR;
				CLANG_WARN_DOCUMENTATION_COMMENTS = YES;
				CLANG_WARN_EMPTY_BODY = YES;
				CLANG_WARN_ENUM_CONVERSION = YES;
				CLANG_WARN_INFINITE_RECURSION = YES;
				CLANG_WARN_INT_CONVERSION = YES;
				CLANG_WARN_NON_LITERAL_NULL_CONVERSION = YES;
				CLANG_WARN_OBJC_IMPLICIT_RETAIN_SELF = YES;
				CLANG_WARN_OBJC_LITERAL_CONVERSION = YES;
				CLANG_WARN_OBJC_ROOT_CLASS = YES_ERROR;
				CLANG_WARN_QUOTED_INCLUDE_IN_FRAMEWORK_HEADER = YES;
				CLANG_WARN_RANGE_LOOP_ANALYSIS = YES;
				CLANG_WARN_STRICT_PROTOTYPES = YES;
				CLANG_WARN_SUSPICIOUS_MOVE = YES;
				CLANG_WARN_UNGUARDED_AVAILABILITY = YES_AGGRESSIVE;
				CLANG_WARN_UNREACHABLE_CODE = YES;
				CLANG_WARN__DUPLICATE_METHOD_MATCH = YES;
				COPY_PHASE_STRIP = NO;
				DEBUG_INFORMATION_FORMAT = dwarf;
				ENABLE_STRICT_OBJC_MSGSEND = YES;
				ENABLE_TESTABILITY = YES;
				GCC_C_LANGUAGE_STANDARD = gnu11;
				GCC_DYNAMIC_NO_PIC = NO;
				GCC_NO_COMMON_BLOCKS = YES;
				GCC_OPTIMIZATION_LEVEL = 0;
				GCC_PREPROCESSOR_DEFINITIONS = (
					"DEBUG=1",
					"$(inherited)",
				);
				GCC_WARN_64_TO_32_BIT_CONVERSION = YES;
				GCC_WARN_ABOUT_RETURN_TYPE = YES_ERROR;
				GCC_WARN_UNDECLARED_SELECTOR = YES;
				GCC_WARN_UNINITIALIZED_AUTOS = YES_AGGRESSIVE;
				GCC_WARN_UNUSED_FUNCTION = YES;
				GCC_WARN_UNUSED_VARIABLE = YES;
				IPHONEOS_DEPLOYMENT_TARGET = 16.2;
				MTL_ENABLE_DEBUG_INFO = INCLUDE_SOURCE;
				MTL_FAST_MATH = YES;
				ONLY_ACTIVE_ARCH = YES;
				SDKROOT = iphoneos;
				SWIFT_ACTIVE_COMPILATION_CONDITIONS = DEBUG;
				SWIFT_OPTIMIZATION_LEVEL = "-Onone";
			};
			name = Debug;
		};
		004DDC482990A13E00C8DB9A /* Release */ = {
			isa = XCBuildConfiguration;
			buildSettings = {
				ALWAYS_SEARCH_USER_PATHS = NO;
				CLANG_ANALYZER_NONNULL = YES;
				CLANG_ANALYZER_NUMBER_OBJECT_CONVERSION = YES_AGGRESSIVE;
				CLANG_CXX_LANGUAGE_STANDARD = "gnu++20";
				CLANG_ENABLE_MODULES = YES;
				CLANG_ENABLE_OBJC_ARC = YES;
				CLANG_ENABLE_OBJC_WEAK = YES;
				CLANG_WARN_BLOCK_CAPTURE_AUTORELEASING = YES;
				CLANG_WARN_BOOL_CONVERSION = YES;
				CLANG_WARN_COMMA = YES;
				CLANG_WARN_CONSTANT_CONVERSION = YES;
				CLANG_WARN_DEPRECATED_OBJC_IMPLEMENTATIONS = YES;
				CLANG_WARN_DIRECT_OBJC_ISA_USAGE = YES_ERROR;
				CLANG_WARN_DOCUMENTATION_COMMENTS = YES;
				CLANG_WARN_EMPTY_BODY = YES;
				CLANG_WARN_ENUM_CONVERSION = YES;
				CLANG_WARN_INFINITE_RECURSION = YES;
				CLANG_WARN_INT_CONVERSION = YES;
				CLANG_WARN_NON_LITERAL_NULL_CONVERSION = YES;
				CLANG_WARN_OBJC_IMPLICIT_RETAIN_SELF = YES;
				CLANG_WARN_OBJC_LITERAL_CONVERSION = YES;
				CLANG_WARN_OBJC_ROOT_CLASS = YES_ERROR;
				CLANG_WARN_QUOTED_INCLUDE_IN_FRAMEWORK_HEADER = YES;
				CLANG_WARN_RANGE_LOOP_ANALYSIS = YES;
				CLANG_WARN_STRICT_PROTOTYPES = YES;
				CLANG_WARN_SUSPICIOUS_MOVE = YES;
				CLANG_WARN_UNGUARDED_AVAILABILITY = YES_AGGRESSIVE;
				CLANG_WARN_UNREACHABLE_CODE = YES;
				CLANG_WARN__DUPLICATE_METHOD_MATCH = YES;
				COPY_PHASE_STRIP = NO;
				DEBUG_INFORMATION_FORMAT = "dwarf-with-dsym";
				ENABLE_NS_ASSERTIONS = NO;
				ENABLE_STRICT_OBJC_MSGSEND = YES;
				GCC_C_LANGUAGE_STANDARD = gnu11;
				GCC_NO_COMMON_BLOCKS = YES;
				GCC_WARN_64_TO_32_BIT_CONVERSION = YES;
				GCC_WARN_ABOUT_RETURN_TYPE = YES_ERROR;
				GCC_WARN_UNDECLARED_SELECTOR = YES;
				GCC_WARN_UNINITIALIZED_AUTOS = YES_AGGRESSIVE;
				GCC_WARN_UNUSED_FUNCTION = YES;
				GCC_WARN_UNUSED_VARIABLE = YES;
				IPHONEOS_DEPLOYMENT_TARGET = 16.2;
				MTL_ENABLE_DEBUG_INFO = NO;
				MTL_FAST_MATH = YES;
				SDKROOT = iphoneos;
				SWIFT_COMPILATION_MODE = wholemodule;
				SWIFT_OPTIMIZATION_LEVEL = "-O";
				VALIDATE_PRODUCT = YES;
			};
			name = Release;
		};
		004DDC4A2990A13E00C8DB9A /* Debug */ = {
			isa = XCBuildConfiguration;
			buildSettings = {
				ASSETCATALOG_COMPILER_APPICON_NAME = AppIcon;
				ASSETCATALOG_COMPILER_GLOBAL_ACCENT_COLOR_NAME = AccentColor;
				CODE_SIGN_STYLE = Automatic;
				CURRENT_PROJECT_VERSION = 1;
				DEVELOPMENT_TEAM = N66WY3RBB9;
				GENERATE_INFOPLIST_FILE = YES;
				INFOPLIST_FILE = SearchPic/Resources/Info.plist;
				INFOPLIST_KEY_UIApplicationSupportsIndirectInputEvents = YES;
				INFOPLIST_KEY_UILaunchStoryboardName = LaunchScreen;
				INFOPLIST_KEY_UIMainStoryboardFile = "";
				INFOPLIST_KEY_UISupportedInterfaceOrientations_iPad = "UIInterfaceOrientationPortrait UIInterfaceOrientationPortraitUpsideDown UIInterfaceOrientationLandscapeLeft UIInterfaceOrientationLandscapeRight";
				INFOPLIST_KEY_UISupportedInterfaceOrientations_iPhone = "UIInterfaceOrientationPortrait UIInterfaceOrientationLandscapeLeft UIInterfaceOrientationLandscapeRight";
				LD_RUNPATH_SEARCH_PATHS = (
					"$(inherited)",
					"@executable_path/Frameworks",
				);
				MARKETING_VERSION = 1.0;
				PRODUCT_BUNDLE_IDENTIFIER = ru.yukhanov.SearchPic;
				PRODUCT_NAME = "$(TARGET_NAME)";
				SWIFT_EMIT_LOC_STRINGS = YES;
				SWIFT_VERSION = 5.0;
				TARGETED_DEVICE_FAMILY = "1,2";
			};
			name = Debug;
		};
		004DDC4B2990A13E00C8DB9A /* Release */ = {
			isa = XCBuildConfiguration;
			buildSettings = {
				ASSETCATALOG_COMPILER_APPICON_NAME = AppIcon;
				ASSETCATALOG_COMPILER_GLOBAL_ACCENT_COLOR_NAME = AccentColor;
				CODE_SIGN_STYLE = Automatic;
				CURRENT_PROJECT_VERSION = 1;
				DEVELOPMENT_TEAM = N66WY3RBB9;
				GENERATE_INFOPLIST_FILE = YES;
				INFOPLIST_FILE = SearchPic/Resources/Info.plist;
				INFOPLIST_KEY_UIApplicationSupportsIndirectInputEvents = YES;
				INFOPLIST_KEY_UILaunchStoryboardName = LaunchScreen;
				INFOPLIST_KEY_UIMainStoryboardFile = "";
				INFOPLIST_KEY_UISupportedInterfaceOrientations_iPad = "UIInterfaceOrientationPortrait UIInterfaceOrientationPortraitUpsideDown UIInterfaceOrientationLandscapeLeft UIInterfaceOrientationLandscapeRight";
				INFOPLIST_KEY_UISupportedInterfaceOrientations_iPhone = "UIInterfaceOrientationPortrait UIInterfaceOrientationLandscapeLeft UIInterfaceOrientationLandscapeRight";
				LD_RUNPATH_SEARCH_PATHS = (
					"$(inherited)",
					"@executable_path/Frameworks",
				);
				MARKETING_VERSION = 1.0;
				PRODUCT_BUNDLE_IDENTIFIER = ru.yukhanov.SearchPic;
				PRODUCT_NAME = "$(TARGET_NAME)";
				SWIFT_EMIT_LOC_STRINGS = YES;
				SWIFT_VERSION = 5.0;
				TARGETED_DEVICE_FAMILY = "1,2";
			};
			name = Release;
		};
/* End XCBuildConfiguration section */

/* Begin XCConfigurationList section */
		004DDC302990A13C00C8DB9A /* Build configuration list for PBXProject "SearchPic" */ = {
			isa = XCConfigurationList;
			buildConfigurations = (
				004DDC472990A13E00C8DB9A /* Debug */,
				004DDC482990A13E00C8DB9A /* Release */,
			);
			defaultConfigurationIsVisible = 0;
			defaultConfigurationName = Release;
		};
		004DDC492990A13E00C8DB9A /* Build configuration list for PBXNativeTarget "SearchPic" */ = {
			isa = XCConfigurationList;
			buildConfigurations = (
				004DDC4A2990A13E00C8DB9A /* Debug */,
				004DDC4B2990A13E00C8DB9A /* Release */,
			);
			defaultConfigurationIsVisible = 0;
			defaultConfigurationName = Release;
		};
/* End XCConfigurationList section */
	};
	rootObject = 004DDC2D2990A13C00C8DB9A /* Project object */;
}
